
Microsoft Visual Studio Solution File, Format Version 12.00
# Visual Studio 15
VisualStudioVersion = 15.0.28307.271
MinimumVisualStudioVersion = 10.0.40219.1
Project("{FAE04EC0-301F-11D3-BF4B-00C04F79EFBC}") = "BilgeAdam.FileSystem", "BilgeAdam.FileSystem\BilgeAdam.FileSystem.csproj", "{9976E479-E40A-4681-818A-D0EBC2C3F5CE}"
EndProject
Project("{FAE04EC0-301F-11D3-BF4B-00C04F79EFBC}") = "BilgeAdam.ByteArraySample", "BilgeAdam.ByteArraySample\BilgeAdam.ByteArraySample.csproj", "{7D8B4D5F-CDDF-45FC-8167-340A44293B3F}"
EndProject
Project("{FAE04EC0-301F-11D3-BF4B-00C04F79EFBC}") = "BilgeAdam.FileInformation", "BilgeAdam.FileInformation\BilgeAdam.FileInformation.csproj", "{4AC2BB16-B029-4301-9C68-2475D340CD68}"
EndProject
Global
	GlobalSection(SolutionConfigurationPlatforms) = preSolution
		Debug|Any CPU = Debug|Any CPU
		Release|Any CPU = Release|Any CPU
	EndGlobalSection
	GlobalSection(ProjectConfigurationPlatforms) = postSolution
		{9976E479-E40A-4681-818A-D0EBC2C3F5CE}.Debug|Any CPU.ActiveCfg = Debug|Any CPU
		{9976E479-E40A-4681-818A-D0EBC2C3F5CE}.Debug|Any CPU.Build.0 = Debug|Any CPU
		{9976E479-E40A-4681-818A-D0EBC2C3F5CE}.Release|Any CPU.ActiveCfg = Release|Any CPU
		{9976E479-E40A-4681-818A-D0EBC2C3F5CE}.Release|Any CPU.Build.0 = Release|Any CPU
		{7D8B4D5F-CDDF-45FC-8167-340A44293B3F}.Debug|Any CPU.ActiveCfg = Debug|Any CPU
		{7D8B4D5F-CDDF-45FC-8167-340A44293B3F}.Debug|Any CPU.Build.0 = Debug|Any CPU
		{7D8B4D5F-CDDF-45FC-8167-340A44293B3F}.Release|Any CPU.ActiveCfg = Release|Any CPU
		{7D8B4D5F-CDDF-45FC-8167-340A44293B3F}.Release|Any CPU.Build.0 = Release|Any CPU
		{4AC2BB16-B029-4301-9C68-2475D340CD68}.Debug|Any CPU.ActiveCfg = Debug|Any CPU
		{4AC2BB16-B029-4301-9C68-2475D340CD68}.Debug|Any CPU.Build.0 = Debug|Any CPU
		{4AC2BB16-B029-4301-9C68-2475D340CD68}.Release|Any CPU.ActiveCfg = Release|Any CPU
		{4AC2BB16-B029-4301-9C68-2475D340CD68}.Release|Any CPU.Build.0 = Release|Any CPU
	EndGlobalSection
	GlobalSection(SolutionProperties) = preSolution
		HideSolutionNode = FALSE
	EndGlobalSection
	GlobalSection(ExtensibilityGlobals) = postSolution
		SolutionGuid = {548E3CBD-0A76-4722-9B74-ADA020F63C8D}
	EndGlobalSection
EndGlobal
